
Microsoft Visual Studio Solution File, Format Version 12.00
# Visual Studio Version 16
VisualStudioVersion = 16.0.31019.35
MinimumVisualStudioVersion = 10.0.40219.1
Project("{FAE04EC0-301F-11D3-BF4B-00C04F79EFBC}") = "ExePabd", "ExePabd.csproj", "{C92A614F-AA37-4CCD-B450-64B55C865B10}"
EndProject
Global
	GlobalSection(SolutionConfigurationPlatforms) = preSolution
		Debug|Any CPU = Debug|Any CPU
		Release|Any CPU = Release|Any CPU
	EndGlobalSection
	GlobalSection(ProjectConfigurationPlatforms) = postSolution
		{C92A614F-AA37-4CCD-B450-64B55C865B10}.Debug|Any CPU.ActiveCfg = Debug|Any CPU
		{C92A614F-AA37-4CCD-B450-64B55C865B10}.Debug|Any CPU.Build.0 = Debug|Any CPU
		{C92A614F-AA37-4CCD-B450-64B55C865B10}.Release|Any CPU.ActiveCfg = Release|Any CPU
		{C92A614F-AA37-4CCD-B450-64B55C865B10}.Release|Any CPU.Build.0 = Release|Any CPU
	EndGlobalSection
	GlobalSection(SolutionProperties) = preSolution
		HideSolutionNode = FALSE
	EndGlobalSection
	GlobalSection(ExtensibilityGlobals) = postSolution
		SolutionGuid = {35B414E6-7EC3-4279-9083-197DC5FE05C7}
	EndGlobalSection
EndGlobal
